github.com/adrg/go-wkhtmltopdf v0.2.2 h1:wWtR9L6WlvJR1A8p+OneydL7WzpVGCe+QeCtK+3n8n8=
github.com/adrg/go-wkhtmltopdf v0.2.2/go.mod h1:PabO59E2w5GMKC8apqcXmf5rZZmiydIP3H1Wb4Uox6I=
github.com/russross/blackfriday/v2 v2.1.0 h1:JIOH55/0cWyOuilr9/qlrm0BSXldqnqwMsf35Ld67mk=
github.com/russross/blackfriday/v2 v2.1.0/go.mod h1:+Rmxgy9KzJVeS9/2gXHxylqXiyQDYRxCVz55jmeOWTM=
