github.com/adrg/go-wkhtmltopdf v0.2.2 h1:wWtR9L6WlvJR1A8p+OneydL7WzpVGCe+QeCtK+3n8n8=
github.com/adrg/go-wkhtmltopdf v0.2.2/go.mod h1:PabO59E2w5GMKC8apqcXmf5rZZmiydIP3H1Wb4Uox6I=
github.com/yuin/goldmark v1.2.1/go.mod h1:3hX8gzYuyVAZsxl0MRgGTJEmQBFcNTphYh9decYSb74=
github.com/yuin/goldmark v1.4.0 h1:OtISOGfH6sOWa1/qXqqAiOIAO6Z5J3AEAE18WAq6BiQ=
github.com/yuin/goldmark v1.4.0/go.mod h1:mwnBkeHKe2W/ZEtQ+71ViKU8L12m81fl3OWwC1Zlc8k=
github.com/yuin/goldmark-emoji v1.0.1 h1:ctuWEyzGBwiucEqxzwe0SOYDXPAucOrE9NQC18Wa1os=
github.com/yuin/goldmark-emoji v1.0.1/go.mod h1:2w1E6FEWLcDQkoTE+7HU6QF1F6SLlNGjRIBbIZQFqkQ=
